
Microsoft Visual Studio Solution File, Format Version 12.00
# Visual Studio Version 16
VisualStudioVersion = 16.0.30114.105
MinimumVisualStudioVersion = 10.0.40219.1
Project("{FAE04EC0-301F-11D3-BF4B-00C04F79EFBC}") = "ProEventos.Application", "ProEventos.Application\ProEventos.Application.csproj", "{C460F9D8-A9FC-4170-AAC0-F8A316F95F26}"
EndProject
Project("{FAE04EC0-301F-11D3-BF4B-00C04F79EFBC}") = "ProEventos.Domain", "ProEventos.Domain\ProEventos.Domain.csproj", "{FD9B7801-8E99-4416-80AB-335D37CFA591}"
EndProject
Project("{FAE04EC0-301F-11D3-BF4B-00C04F79EFBC}") = "ProEventos.Api", "ProEventos.Api\ProEventos.Api.csproj", "{55C1F1A8-110D-48BD-BD50-46FED44A2CE3}"
EndProject
Project("{FAE04EC0-301F-11D3-BF4B-00C04F79EFBC}") = "ProEventos.Persistence", "ProEventos.Persistence\ProEventos.Persistence.csproj", "{5D51DC1D-7163-4CE0-8FC6-B0E35AAB65EC}"
EndProject
Global
	GlobalSection(SolutionConfigurationPlatforms) = preSolution
		Debug|Any CPU = Debug|Any CPU
		Debug|x64 = Debug|x64
		Debug|x86 = Debug|x86
		Release|Any CPU = Release|Any CPU
		Release|x64 = Release|x64
		Release|x86 = Release|x86
	EndGlobalSection
	GlobalSection(SolutionProperties) = preSolution
		HideSolutionNode = FALSE
	EndGlobalSection
	GlobalSection(ProjectConfigurationPlatforms) = postSolution
		{C460F9D8-A9FC-4170-AAC0-F8A316F95F26}.Debug|Any CPU.ActiveCfg = Debug|Any CPU
		{C460F9D8-A9FC-4170-AAC0-F8A316F95F26}.Debug|Any CPU.Build.0 = Debug|Any CPU
		{C460F9D8-A9FC-4170-AAC0-F8A316F95F26}.Debug|x64.ActiveCfg = Debug|Any CPU
		{C460F9D8-A9FC-4170-AAC0-F8A316F95F26}.Debug|x64.Build.0 = Debug|Any CPU
		{C460F9D8-A9FC-4170-AAC0-F8A316F95F26}.Debug|x86.ActiveCfg = Debug|Any CPU
		{C460F9D8-A9FC-4170-AAC0-F8A316F95F26}.Debug|x86.Build.0 = Debug|Any CPU
		{C460F9D8-A9FC-4170-AAC0-F8A316F95F26}.Release|Any CPU.ActiveCfg = Release|Any CPU
		{C460F9D8-A9FC-4170-AAC0-F8A316F95F26}.Release|Any CPU.Build.0 = Release|Any CPU
		{C460F9D8-A9FC-4170-AAC0-F8A316F95F26}.Release|x64.ActiveCfg = Release|Any CPU
		{C460F9D8-A9FC-4170-AAC0-F8A316F95F26}.Release|x64.Build.0 = Release|Any CPU
		{C460F9D8-A9FC-4170-AAC0-F8A316F95F26}.Release|x86.ActiveCfg = Release|Any CPU
		{C460F9D8-A9FC-4170-AAC0-F8A316F95F26}.Release|x86.Build.0 = Release|Any CPU
		{FD9B7801-8E99-4416-80AB-335D37CFA591}.Debug|Any CPU.ActiveCfg = Debug|Any CPU
		{FD9B7801-8E99-4416-80AB-335D37CFA591}.Debug|Any CPU.Build.0 = Debug|Any CPU
		{FD9B7801-8E99-4416-80AB-335D37CFA591}.Debug|x64.ActiveCfg = Debug|Any CPU
		{FD9B7801-8E99-4416-80AB-335D37CFA591}.Debug|x64.Build.0 = Debug|Any CPU
		{FD9B7801-8E99-4416-80AB-335D37CFA591}.Debug|x86.ActiveCfg = Debug|Any CPU
		{FD9B7801-8E99-4416-80AB-335D37CFA591}.Debug|x86.Build.0 = Debug|Any CPU
		{FD9B7801-8E99-4416-80AB-335D37CFA591}.Release|Any CPU.ActiveCfg = Release|Any CPU
		{FD9B7801-8E99-4416-80AB-335D37CFA591}.Release|Any CPU.Build.0 = Release|Any CPU
		{FD9B7801-8E99-4416-80AB-335D37CFA591}.Release|x64.ActiveCfg = Release|Any CPU
		{FD9B7801-8E99-4416-80AB-335D37CFA591}.Release|x64.Build.0 = Release|Any CPU
		{FD9B7801-8E99-4416-80AB-335D37CFA591}.Release|x86.ActiveCfg = Release|Any CPU
		{FD9B7801-8E99-4416-80AB-335D37CFA591}.Release|x86.Build.0 = Release|Any CPU
		{55C1F1A8-110D-48BD-BD50-46FED44A2CE3}.Debug|Any CPU.ActiveCfg = Debug|Any CPU
		{55C1F1A8-110D-48BD-BD50-46FED44A2CE3}.Debug|Any CPU.Build.0 = Debug|Any CPU
		{55C1F1A8-110D-48BD-BD50-46FED44A2CE3}.Debug|x64.ActiveCfg = Debug|Any CPU
		{55C1F1A8-110D-48BD-BD50-46FED44A2CE3}.Debug|x64.Build.0 = Debug|Any CPU
		{55C1F1A8-110D-48BD-BD50-46FED44A2CE3}.Debug|x86.ActiveCfg = Debug|Any CPU
		{55C1F1A8-110D-48BD-BD50-46FED44A2CE3}.Debug|x86.Build.0 = Debug|Any CPU
		{55C1F1A8-110D-48BD-BD50-46FED44A2CE3}.Release|Any CPU.ActiveCfg = Release|Any CPU
		{55C1F1A8-110D-48BD-BD50-46FED44A2CE3}.Release|Any CPU.Build.0 = Release|Any CPU
		{55C1F1A8-110D-48BD-BD50-46FED44A2CE3}.Release|x64.ActiveCfg = Release|Any CPU
		{55C1F1A8-110D-48BD-BD50-46FED44A2CE3}.Release|x64.Build.0 = Release|Any CPU
		{55C1F1A8-110D-48BD-BD50-46FED44A2CE3}.Release|x86.ActiveCfg = Release|Any CPU
		{55C1F1A8-110D-48BD-BD50-46FED44A2CE3}.Release|x86.Build.0 = Release|Any CPU
		{5D51DC1D-7163-4CE0-8FC6-B0E35AAB65EC}.Debug|Any CPU.ActiveCfg = Debug|Any CPU
		{5D51DC1D-7163-4CE0-8FC6-B0E35AAB65EC}.Debug|Any CPU.Build.0 = Debug|Any CPU
		{5D51DC1D-7163-4CE0-8FC6-B0E35AAB65EC}.Debug|x64.ActiveCfg = Debug|Any CPU
		{5D51DC1D-7163-4CE0-8FC6-B0E35AAB65EC}.Debug|x64.Build.0 = Debug|Any CPU
		{5D51DC1D-7163-4CE0-8FC6-B0E35AAB65EC}.Debug|x86.ActiveCfg = Debug|Any CPU
		{5D51DC1D-7163-4CE0-8FC6-B0E35AAB65EC}.Debug|x86.Build.0 = Debug|Any CPU
		{5D51DC1D-7163-4CE0-8FC6-B0E35AAB65EC}.Release|Any CPU.ActiveCfg = Release|Any CPU
		{5D51DC1D-7163-4CE0-8FC6-B0E35AAB65EC}.Release|Any CPU.Build.0 = Release|Any CPU
		{5D51DC1D-7163-4CE0-8FC6-B0E35AAB65EC}.Release|x64.ActiveCfg = Release|Any CPU
		{5D51DC1D-7163-4CE0-8FC6-B0E35AAB65EC}.Release|x64.Build.0 = Release|Any CPU
		{5D51DC1D-7163-4CE0-8FC6-B0E35AAB65EC}.Release|x86.ActiveCfg = Release|Any CPU
		{5D51DC1D-7163-4CE0-8FC6-B0E35AAB65EC}.Release|x86.Build.0 = Release|Any CPU
	EndGlobalSection
EndGlobal
